// !$*UTF8*$!
{
	archiveVersion = 1;
	classes = {
	};
	objectVersion = 46;
	objects = {

/* Begin PBXBuildFile section */
		6EB530761E046AC40021FDC3 /* ArchitectureViewController.swift in Sources */ = {isa = PBXBuildFile; fileRef = 6EB530751E046AC40021FDC3 /* ArchitectureViewController.swift */; };
		6EC1244E1E01C42800B998C6 /* AppDelegate.swift in Sources */ = {isa = PBXBuildFile; fileRef = 6EC1244D1E01C42800B998C6 /* AppDelegate.swift */; };
		6EC124501E01C42800B998C6 /* ViewController.swift in Sources */ = {isa = PBXBuildFile; fileRef = 6EC1244F1E01C42800B998C6 /* ViewController.swift */; };
		6EC124531E01C42800B998C6 /* Main.storyboard in Resources */ = {isa = PBXBuildFile; fileRef = 6EC124511E01C42800B998C6 /* Main.storyboard */; };
		6EC124551E01C42800B998C6 /* Assets.xcassets in Resources */ = {isa = PBXBuildFile; fileRef = 6EC124541E01C42800B998C6 /* Assets.xcassets */; };
		6EC124581E01C42800B998C6 /* LaunchScreen.storyboard in Resources */ = {isa = PBXBuildFile; fileRef = 6EC124561E01C42800B998C6 /* LaunchScreen.storyboard */; };
		6EC124631E01C42800B998C6 /* LyndaTutorialsTests.swift in Sources */ = {isa = PBXBuildFile; fileRef = 6EC124621E01C42800B998C6 /* LyndaTutorialsTests.swift */; };
		6EC1246E1E01C42800B998C6 /* LyndaTutorialsUITests.swift in Sources */ = {isa = PBXBuildFile; fileRef = 6EC1246D1E01C42800B998C6 /* LyndaTutorialsUITests.swift */; };
		6EC1247C1E020B1200B998C6 /* WebViewController.swift in Sources */ = {isa = PBXBuildFile; fileRef = 6EC1247B1E020B1200B998C6 /* WebViewController.swift */; };
		6EC1247E1E020E1700B998C6 /* page.html in Resources */ = {isa = PBXBuildFile; fileRef = 6EC1247D1E020E1700B998C6 /* page.html */; };
		6EDA63901E032C6E003E2B05 /* SearchBarViewController.swift in Sources */ = {isa = PBXBuildFile; fileRef = 6EDA638F1E032C6E003E2B05 /* SearchBarViewController.swift */; };
/* End PBXBuildFile section */

/* Begin PBXContainerItemProxy section */
		6EC1245F1E01C42800B998C6 /* PBXContainerItemProxy */ = {
			isa = PBXContainerItemProxy;
			containerPortal = 6EC124421E01C42800B998C6 /* Project object */;
			proxyType = 1;
			remoteGlobalIDString = 6EC124491E01C42800B998C6;
			remoteInfo = LyndaTutorials;
		};
		6EC1246A1E01C42800B998C6 /* PBXContainerItemProxy */ = {
			isa = PBXContainerItemProxy;
			containerPortal = 6EC124421E01C42800B998C6 /* Project object */;
			proxyType = 1;
			remoteGlobalIDString = 6EC124491E01C42800B998C6;
			remoteInfo = LyndaTutorials;
		};
/* End PBXContainerItemProxy section */

/* Begin PBXFileReference section */
		6EB530751E046AC40021FDC3 /* ArchitectureViewController.swift */ = {isa = PBXFileReference; fileEncoding = 4; lastKnownFileType = sourcecode.swift; path = ArchitectureViewController.swift; sourceTree = "<group>"; };
		6EC1244A1E01C42800B998C6 /* LyndaTutorials.app */ = {isa = PBXFileReference; explicitFileType = wrapper.application; includeInIndex = 0; path = LyndaTutorials.app; sourceTree = BUILT_PRODUCTS_DIR; };
		6EC1244D1E01C42800B998C6 /* AppDelegate.swift */ = {isa = PBXFileReference; lastKnownFileType = sourcecode.swift; path = AppDelegate.swift; sourceTree = "<group>"; };
		6EC1244F1E01C42800B998C6 /* ViewController.swift */ = {isa = PBXFileReference; lastKnownFileType = sourcecode.swift; path = ViewController.swift; sourceTree = "<group>"; };
		6EC124521E01C42800B998C6 /* Base */ = {isa = PBXFileReference; lastKnownFileType = file.storyboard; name = Base; path = Base.lproj/Main.storyboard; sourceTree = "<group>"; };
		6EC124541E01C42800B998C6 /* Assets.xcassets */ = {isa = PBXFileReference; lastKnownFileType = folder.assetcatalog; path = Assets.xcassets; sourceTree = "<group>"; };
		6EC124571E01C42800B998C6 /* Base */ = {isa = PBXFileReference; lastKnownFileType = file.storyboard; name = Base; path = Base.lproj/LaunchScreen.storyboard; sourceTree = "<group>"; };
		6EC124591E01C42800B998C6 /* Info.plist */ = {isa = PBXFileReference; lastKnownFileType = text.plist.xml; path = Info.plist; sourceTree = "<group>"; };
		6EC1245E1E01C42800B998C6 /* LyndaTutorialsTests.xctest */ = {isa = PBXFileReference; explicitFileType = wrapper.cfbundle; includeInIndex = 0; path = LyndaTutorialsTests.xctest; sourceTree = BUILT_PRODUCTS_DIR; };
		6EC124621E01C42800B998C6 /* LyndaTutorialsTests.swift */ = {isa = PBXFileReference; lastKnownFileType = sourcecode.swift; path = LyndaTutorialsTests.swift; sourceTree = "<group>"; };
		6EC124641E01C42800B998C6 /* Info.plist */ = {isa = PBXFileReference; lastKnownFileType = text.plist.xml; path = Info.plist; sourceTree = "<group>"; };
		6EC124691E01C42800B998C6 /* LyndaTutorialsUITests.xctest */ = {isa = PBXFileReference; explicitFileType = wrapper.cfbundle; includeInIndex = 0; path = LyndaTutorialsUITests.xctest; sourceTree = BUILT_PRODUCTS_DIR; };
		6EC1246D1E01C42800B998C6 /* LyndaTutorialsUITests.swift */ = {isa = PBXFileReference; lastKnownFileType = sourcecode.swift; path = LyndaTutorialsUITests.swift; sourceTree = "<group>"; };
		6EC1246F1E01C42800B998C6 /* Info.plist */ = {isa = PBXFileReference; lastKnownFileType = text.plist.xml; path = Info.plist; sourceTree = "<group>"; };
		6EC1247B1E020B1200B998C6 /* WebViewController.swift */ = {isa = PBXFileReference; fileEncoding = 4; lastKnownFileType = sourcecode.swift; path = WebViewController.swift; sourceTree = "<group>"; };
		6EC1247D1E020E1700B998C6 /* page.html */ = {isa = PBXFileReference; fileEncoding = 4; lastKnownFileType = text.html; path = page.html; sourceTree = "<group>"; };
		6EDA638F1E032C6E003E2B05 /* SearchBarViewController.swift */ = {isa = PBXFileReference; fileEncoding = 4; lastKnownFileType = sourcecode.swift; path = SearchBarViewController.swift; sourceTree = "<group>"; };
/* End PBXFileReference section */

/* Begin PBXFrameworksBuildPhase section */
		6EC124471E01C42800B998C6 /* Frameworks */ = {
			isa = PBXFrameworksBuildPhase;
			buildActionMask = 2147483647;
			files = (
			);
			runOnlyForDeploymentPostprocessing = 0;
		};
		6EC1245B1E01C42800B998C6 /* Frameworks */ = {
			isa = PBXFrameworksBuildPhase;
			buildActionMask = 2147483647;
			files = (
			);
			runOnlyForDeploymentPostprocessing = 0;
		};
		6EC124661E01C42800B998C6 /* Frameworks */ = {
			isa = PBXFrameworksBuildPhase;
			buildActionMask = 2147483647;
			files = (
			);
			runOnlyForDeploymentPostprocessing = 0;
		};
/* End PBXFrameworksBuildPhase section */

/* Begin PBXGroup section */
		6EC124411E01C42800B998C6 = {
			isa = PBXGroup;
			children = (
				6EC1244C1E01C42800B998C6 /* LyndaTutorials */,
				6EC124611E01C42800B998C6 /* LyndaTutorialsTests */,
				6EC1246C1E01C42800B998C6 /* LyndaTutorialsUITests */,
				6EC1244B1E01C42800B998C6 /* Products */,
			);
			sourceTree = "<group>";
		};
		6EC1244B1E01C42800B998C6 /* Products */ = {
			isa = PBXGroup;
			children = (
				6EC1244A1E01C42800B998C6 /* LyndaTutorials.app */,
				6EC1245E1E01C42800B998C6 /* LyndaTutorialsTests.xctest */,
				6EC124691E01C42800B998C6 /* LyndaTutorialsUITests.xctest */,
			);
			name = Products;
			sourceTree = "<group>";
		};
		6EC1244C1E01C42800B998C6 /* LyndaTutorials */ = {
			isa = PBXGroup;
			children = (
				6EC1244D1E01C42800B998C6 /* AppDelegate.swift */,
				6EC1247D1E020E1700B998C6 /* page.html */,
				6EC1244F1E01C42800B998C6 /* ViewController.swift */,
				6EC1247B1E020B1200B998C6 /* WebViewController.swift */,
				6EDA638F1E032C6E003E2B05 /* SearchBarViewController.swift */,
				6EC124511E01C42800B998C6 /* Main.storyboard */,
				6EB530751E046AC40021FDC3 /* ArchitectureViewController.swift */,
				6EC124541E01C42800B998C6 /* Assets.xcassets */,
				6EC124561E01C42800B998C6 /* LaunchScreen.storyboard */,
				6EC124591E01C42800B998C6 /* Info.plist */,
			);
			path = LyndaTutorials;
			sourceTree = "<group>";
		};
		6EC124611E01C42800B998C6 /* LyndaTutorialsTests */ = {
			isa = PBXGroup;
			children = (
				6EC124621E01C42800B998C6 /* LyndaTutorialsTests.swift */,
				6EC124641E01C42800B998C6 /* Info.plist */,
			);
			path = LyndaTutorialsTests;
			sourceTree = "<group>";
		};
		6EC1246C1E01C42800B998C6 /* LyndaTutorialsUITests */ = {
			isa = PBXGroup;
			children = (
				6EC1246D1E01C42800B998C6 /* LyndaTutorialsUITests.swift */,
				6EC1246F1E01C42800B998C6 /* Info.plist */,
			);
			path = LyndaTutorialsUITests;
			sourceTree = "<group>";
		};
/* End PBXGroup section */

/* Begin PBXNativeTarget section */
		6EC124491E01C42800B998C6 /* LyndaTutorials */ = {
			isa = PBXNativeTarget;
			buildConfigurationList = 6EC124721E01C42800B998C6 /* Build configuration list for PBXNativeTarget "LyndaTutorials" */;
			buildPhases = (
				6EC124461E01C42800B998C6 /* Sources */,
				6EC124471E01C42800B998C6 /* Frameworks */,
				6EC124481E01C42800B998C6 /* Resources */,
			);
			buildRules = (
			);
			dependencies = (
			);
			name = LyndaTutorials;
			productName = LyndaTutorials;
			productReference = 6EC1244A1E01C42800B998C6 /* LyndaTutorials.app */;
			productType = "com.apple.product-type.application";
		};
		6EC1245D1E01C42800B998C6 /* LyndaTutorialsTests */ = {
			isa = PBXNativeTarget;
			buildConfigurationList = 6EC124751E01C42800B998C6 /* Build configuration list for PBXNativeTarget "LyndaTutorialsTests" */;
			buildPhases = (
				6EC1245A1E01C42800B998C6 /* Sources */,
				6EC1245B1E01C42800B998C6 /* Frameworks */,
				6EC1245C1E01C42800B998C6 /* Resources */,
			);
			buildRules = (
			);
			dependencies = (
				6EC124601E01C42800B998C6 /* PBXTargetDependency */,
			);
			name = LyndaTutorialsTests;
			productName = LyndaTutorialsTests;
			productReference = 6EC1245E1E01C42800B998C6 /* LyndaTutorialsTests.xctest */;
			productType = "com.apple.product-type.bundle.unit-test";
		};
		6EC124681E01C42800B998C6 /* LyndaTutorialsUITests */ = {
			isa = PBXNativeTarget;
			buildConfigurationList = 6EC124781E01C42800B998C6 /* Build configuration list for PBXNativeTarget "LyndaTutorialsUITests" */;
			buildPhases = (
				6EC124651E01C42800B998C6 /* Sources */,
				6EC124661E01C42800B998C6 /* Frameworks */,
				6EC124671E01C42800B998C6 /* Resources */,
			);
			buildRules = (
			);
			dependencies = (
				6EC1246B1E01C42800B998C6 /* PBXTargetDependency */,
			);
			name = LyndaTutorialsUITests;
			productName = LyndaTutorialsUITests;
			productReference = 6EC124691E01C42800B998C6 /* LyndaTutorialsUITests.xctest */;
			productType = "com.apple.product-type.bundle.ui-testing";
		};
/* End PBXNativeTarget section */

/* Begin PBXProject section */
		6EC124421E01C42800B998C6 /* Project object */ = {
			isa = PBXProject;
			attributes = {
				LastSwiftUpdateCheck = 0810;
				LastUpgradeCheck = 0810;
				ORGANIZATIONNAME = "Cyrus Behroozi";
				TargetAttributes = {
					6EC124491E01C42800B998C6 = {
						CreatedOnToolsVersion = 8.1;
						DevelopmentTeam = 6YRR84HQ57;
						ProvisioningStyle = Automatic;
					};
					6EC1245D1E01C42800B998C6 = {
						CreatedOnToolsVersion = 8.1;
						ProvisioningStyle = Automatic;
						TestTargetID = 6EC124491E01C42800B998C6;
					};
					6EC124681E01C42800B998C6 = {
						CreatedOnToolsVersion = 8.1;
						ProvisioningStyle = Automatic;
						TestTargetID = 6EC124491E01C42800B998C6;
					};
				};
			};
			buildConfigurationList = 6EC124451E01C42800B998C6 /* Build configuration list for PBXProject "LyndaTutorials" */;
			compatibilityVersion = "Xcode 3.2";
			developmentRegion = English;
			hasScannedForEncodings = 0;
			knownRegions = (
				en,
				Base,
			);
			mainGroup = 6EC124411E01C42800B998C6;
			productRefGroup = 6EC1244B1E01C42800B998C6 /* Products */;
			projectDirPath = "";
			projectRoot = "";
			targets = (
				6EC124491E01C42800B998C6 /* LyndaTutorials */,
				6EC1245D1E01C42800B998C6 /* LyndaTutorialsTests */,
				6EC124681E01C42800B998C6 /* LyndaTutorialsUITests */,
			);
		};
/* End PBXProject section */

/* Begin PBXResourcesBuildPhase section */
		6EC124481E01C42800B998C6 /* Resources */ = {
			isa = PBXResourcesBuildPhase;
			buildActionMask = 2147483647;
			files = (
				6EC124581E01C42800B998C6 /* LaunchScreen.storyboard in Resources */,
				6EC1247E1E020E1700B998C6 /* page.html in Resources */,
				6EC124551E01C42800B998C6 /* Assets.xcassets in Resources */,
				6EC124531E01C42800B998C6 /* Main.storyboard in Resources */,
			);
			runOnlyForDeploymentPostprocessing = 0;
		};
		6EC1245C1E01C42800B998C6 /* Resources */ = {
			isa = PBXResourcesBuildPhase;
			buildActionMask = 2147483647;
			files = (
			);
			runOnlyForDeploymentPostprocessing = 0;
		};
		6EC124671E01C42800B998C6 /* Resources */ = {
			isa = PBXResourcesBuildPhase;
			buildActionMask = 2147483647;
			files = (
			);
			runOnlyForDeploymentPostprocessing = 0;
		};
/* End PBXResourcesBuildPhase section */

/* Begin PBXSourcesBuildPhase section */
		6EC124461E01C42800B998C6 /* Sources */ = {
			isa = PBXSourcesBuildPhase;
			buildActionMask = 2147483647;
			files = (
				6EC124501E01C42800B998C6 /* ViewController.swift in Sources */,
				6EB530761E046AC40021FDC3 /* ArchitectureViewController.swift in Sources */,
				6EC1247C1E020B1200B998C6 /* WebViewController.swift in Sources */,
				6EDA63901E032C6E003E2B05 /* SearchBarViewController.swift in Sources */,
				6EC1244E1E01C42800B998C6 /* AppDelegate.swift in Sources */,
			);
			runOnlyForDeploymentPostprocessing = 0;
		};
		6EC1245A1E01C42800B998C6 /* Sources */ = {
			isa = PBXSourcesBuildPhase;
			buildActionMask = 2147483647;
			files = (
				6EC124631E01C42800B998C6 /* LyndaTutorialsTests.swift in Sources */,
			);
			runOnlyForDeploymentPostprocessing = 0;
		};
		6EC124651E01C42800B998C6 /* Sources */ = {
			isa = PBXSourcesBuildPhase;
			buildActionMask = 2147483647;
			files = (
				6EC1246E1E01C42800B998C6 /* LyndaTutorialsUITests.swift in Sources */,
			);
			runOnlyForDeploymentPostprocessing = 0;
		};
/* End PBXSourcesBuildPhase section */

/* Begin PBXTargetDependency section */
		6EC124601E01C42800B998C6 /* PBXTargetDependency */ = {
			isa = PBXTargetDependency;
			target = 6EC124491E01C42800B998C6 /* LyndaTutorials */;
			targetProxy = 6EC1245F1E01C42800B998C6 /* PBXContainerItemProxy */;
		};
		6EC1246B1E01C42800B998C6 /* PBXTargetDependency */ = {
			isa = PBXTargetDependency;
			target = 6EC124491E01C42800B998C6 /* LyndaTutorials */;
			targetProxy = 6EC1246A1E01C42800B998C6 /* PBXContainerItemProxy */;
		};
/* End PBXTargetDependency section */

/* Begin PBXVariantGroup section */
		6EC124511E01C42800B998C6 /* Main.storyboard */ = {
			isa = PBXVariantGroup;
			children = (
				6EC124521E01C42800B998C6 /* Base */,
			);
			name = Main.storyboard;
			sourceTree = "<group>";
		};
		6EC124561E01C42800B998C6 /* LaunchScreen.storyboard */ = {
			isa = PBXVariantGroup;
			children = (
				6EC124571E01C42800B998C6 /* Base */,
			);
			name = LaunchScreen.storyboard;
			sourceTree = "<group>";
		};
/* End PBXVariantGroup section */

/* Begin XCBuildConfiguration section */
		6EC124701E01C42800B998C6 /* Debug */ = {
			isa = XCBuildConfiguration;
			buildSettings = {
				ALWAYS_SEARCH_USER_PATHS = NO;
				CLANG_ANALYZER_NONNULL = YES;
				CLANG_CXX_LANGUAGE_STANDARD = "gnu++0x";
				CLANG_CXX_LIBRARY = "libc++";
				CLANG_ENABLE_MODULES = YES;
				CLANG_ENABLE_OBJC_ARC = YES;
				CLANG_WARN_BOOL_CONVERSION = YES;
				CLANG_WARN_CONSTANT_CONVERSION = YES;
				CLANG_WARN_DIRECT_OBJC_ISA_USAGE = YES_ERROR;
				CLANG_WARN_DOCUMENTATION_COMMENTS = YES;
				CLANG_WARN_EMPTY_BODY = YES;
				CLANG_WARN_ENUM_CONVERSION = YES;
				CLANG_WARN_INFINITE_RECURSION = YES;
				CLANG_WARN_INT_CONVERSION = YES;
				CLANG_WARN_OBJC_ROOT_CLASS = YES_ERROR;
				CLANG_WARN_SUSPICIOUS_MOVES = YES;
				CLANG_WARN_UNREACHABLE_CODE = YES;
				CLANG_WARN__DUPLICATE_METHOD_MATCH = YES;
				"CODE_SIGN_IDENTITY[sdk=iphoneos*]" = "iPhone Developer";
				COPY_PHASE_STRIP = NO;
				DEBUG_INFORMATION_FORMAT = dwarf;
				ENABLE_STRICT_OBJC_MSGSEND = YES;
				ENABLE_TESTABILITY = YES;
				GCC_C_LANGUAGE_STANDARD = gnu99;
				GCC_DYNAMIC_NO_PIC = NO;
				GCC_NO_COMMON_BLOCKS = YES;
				GCC_OPTIMIZATION_LEVEL = 0;
				GCC_PREPROCESSOR_DEFINITIONS = (
					"DEBUG=1",
					"$(inherited)",
				);
				GCC_WARN_64_TO_32_BIT_CONVERSION = YES;
				GCC_WARN_ABOUT_RETURN_TYPE = YES_ERROR;
				GCC_WARN_UNDECLARED_SELECTOR = YES;
				GCC_WARN_UNINITIALIZED_AUTOS = YES_AGGRESSIVE;
				GCC_WARN_UNUSED_FUNCTION = YES;
				GCC_WARN_UNUSED_VARIABLE = YES;
				IPHONEOS_DEPLOYMENT_TARGET = 10.1;
				MTL_ENABLE_DEBUG_INFO = YES;
				ONLY_ACTIVE_ARCH = YES;
				SDKROOT = iphoneos;
				SWIFT_ACTIVE_COMPILATION_CONDITIONS = DEBUG;
				SWIFT_OPTIMIZATION_LEVEL = "-Onone";
			};
			name = Debug;
		};
		6EC124711E01C42800B998C6 /* Release */ = {
			isa = XCBuildConfiguration;
			buildSettings = {
				ALWAYS_SEARCH_USER_PATHS = NO;
				CLANG_ANALYZER_NONNULL = YES;
				CLANG_CXX_LANGUAGE_STANDARD = "gnu++0x";
				CLANG_CXX_LIBRARY = "libc++";
				CLANG_ENABLE_MODULES = YES;
				CLANG_ENABLE_OBJC_ARC = YES;
				CLANG_WARN_BOOL_CONVERSION = YES;
				CLANG_WARN_CONSTANT_CONVERSION = YES;
				CLANG_WARN_DIRECT_OBJC_ISA_USAGE = YES_ERROR;
				CLANG_WARN_DOCUMENTATION_COMMENTS = YES;
				CLANG_WARN_EMPTY_BODY = YES;
				CLANG_WARN_ENUM_CONVERSION = YES;
				CLANG_WARN_INFINITE_RECURSION = YES;
				CLANG_WARN_INT_CONVERSION = YES;
				CLANG_WARN_OBJC_ROOT_CLASS = YES_ERROR;
				CLANG_WARN_SUSPICIOUS_MOVES = YES;
				CLANG_WARN_UNREACHABLE_CODE = YES;
				CLANG_WARN__DUPLICATE_METHOD_MATCH = YES;
				"CODE_SIGN_IDENTITY[sdk=iphoneos*]" = "iPhone Developer";
				COPY_PHASE_STRIP = NO;
				DEBUG_INFORMATION_FORMAT = "dwarf-with-dsym";
				ENABLE_NS_ASSERTIONS = NO;
				ENABLE_STRICT_OBJC_MSGSEND = YES;
				GCC_C_LANGUAGE_STANDARD = gnu99;
				GCC_NO_COMMON_BLOCKS = YES;
				GCC_WARN_64_TO_32_BIT_CONVERSION = YES;
				GCC_WARN_ABOUT_RETURN_TYPE = YES_ERROR;
				GCC_WARN_UNDECLARED_SELECTOR = YES;
				GCC_WARN_UNINITIALIZED_AUTOS = YES_AGGRESSIVE;
				GCC_WARN_UNUSED_FUNCTION = YES;
				GCC_WARN_UNUSED_VARIABLE = YES;
				IPHONEOS_DEPLOYMENT_TARGET = 10.1;
				MTL_ENABLE_DEBUG_INFO = NO;
				SDKROOT = iphoneos;
				SWIFT_OPTIMIZATION_LEVEL = "-Owholemodule";
				VALIDATE_PRODUCT = YES;
			};
			name = Release;
		};
		6EC124731E01C42800B998C6 /* Debug */ = {
			isa = XCBuildConfiguration;
			buildSettings = {
				ASSETCATALOG_COMPILER_APPICON_NAME = AppIcon;
				DEVELOPMENT_TEAM = 6YRR84HQ57;
				INFOPLIST_FILE = LyndaTutorials/Info.plist;
				LD_RUNPATH_SEARCH_PATHS = "$(inherited) @executable_path/Frameworks";
				PRODUCT_BUNDLE_IDENTIFIER = com.cyrusbehroozi.LyndaTutorials;
				PRODUCT_NAME = "$(TARGET_NAME)";
				SWIFT_VERSION = 3.0;
			};
			name = Debug;
		};
		6EC124741E01C42800B998C6 /* Release */ = {
			isa = XCBuildConfiguration;
			buildSettings = {
				ASSETCATALOG_COMPILER_APPICON_NAME = AppIcon;
				DEVELOPMENT_TEAM = 6YRR84HQ57;
				INFOPLIST_FILE = LyndaTutorials/Info.plist;
				LD_RUNPATH_SEARCH_PATHS = "$(inherited) @executable_path/Frameworks";
				PRODUCT_BUNDLE_IDENTIFIER = com.cyrusbehroozi.LyndaTutorials;
				PRODUCT_NAME = "$(TARGET_NAME)";
				SWIFT_VERSION = 3.0;
			};
			name = Release;
		};
		6EC124761E01C42800B998C6 /* Debug */ = {
			isa = XCBuildConfiguration;
			buildSettings = {
				ALWAYS_EMBED_SWIFT_STANDARD_LIBRARIES = YES;
				BUNDLE_LOADER = "$(TEST_HOST)";
				INFOPLIST_FILE = LyndaTutorialsTests/Info.plist;
				LD_RUNPATH_SEARCH_PATHS = "$(inherited) @executable_path/Frameworks @loader_path/Frameworks";
				PRODUCT_BUNDLE_IDENTIFIER = com.cyrusbehroozi.LyndaTutorialsTests;
				PRODUCT_NAME = "$(TARGET_NAME)";
				SWIFT_VERSION = 3.0;
				TEST_HOST = "$(BUILT_PRODUCTS_DIR)/LyndaTutorials.app/LyndaTutorials";
			};
			name = Debug;
		};
		6EC124771E01C42800B998C6 /* Release */ = {
			isa = XCBuildConfiguration;
			buildSettings = {
				ALWAYS_EMBED_SWIFT_STANDARD_LIBRARIES = YES;
				BUNDLE_LOADER = "$(TEST_HOST)";
				INFOPLIST_FILE = LyndaTutorialsTests/Info.plist;
				LD_RUNPATH_SEARCH_PATHS = "$(inherited) @executable_path/Frameworks @loader_path/Frameworks";
				PRODUCT_BUNDLE_IDENTIFIER = com.cyrusbehroozi.LyndaTutorialsTests;
				PRODUCT_NAME = "$(TARGET_NAME)";
				SWIFT_VERSION = 3.0;
				TEST_HOST = "$(BUILT_PRODUCTS_DIR)/LyndaTutorials.app/LyndaTutorials";
			};
			name = Release;
		};
		6EC124791E01C42800B998C6 /* Debug */ = {
			isa = XCBuildConfiguration;
			buildSettings = {
				ALWAYS_EMBED_SWIFT_STANDARD_LIBRARIES = YES;
				INFOPLIST_FILE = LyndaTutorialsUITests/Info.plist;
				LD_RUNPATH_SEARCH_PATHS = "$(inherited) @executable_path/Frameworks @loader_path/Frameworks";
				PRODUCT_BUNDLE_IDENTIFIER = com.cyrusbehroozi.LyndaTutorialsUITests;
				PRODUCT_NAME = "$(TARGET_NAME)";
				SWIFT_VERSION = 3.0;
				TEST_TARGET_NAME = LyndaTutorials;
			};
			name = Debug;
		};
		6EC1247A1E01C42800B998C6 /* Release */ = {
			isa = XCBuildConfiguration;
			buildSettings = {
				ALWAYS_EMBED_SWIFT_STANDARD_LIBRARIES = YES;
				INFOPLIST_FILE = LyndaTutorialsUITests/Info.plist;
				LD_RUNPATH_SEARCH_PATHS = "$(inherited) @executable_path/Frameworks @loader_path/Frameworks";
				PRODUCT_BUNDLE_IDENTIFIER = com.cyrusbehroozi.LyndaTutorialsUITests;
				PRODUCT_NAME = "$(TARGET_NAME)";
				SWIFT_VERSION = 3.0;
				TEST_TARGET_NAME = LyndaTutorials;
			};
			name = Release;
		};
/* End XCBuildConfiguration section */

/* Begin XCConfigurationList section */
		6EC124451E01C42800B998C6 /* Build configuration list for PBXProject "LyndaTutorials" */ = {
			isa = XCConfigurationList;
			buildConfigurations = (
				6EC124701E01C42800B998C6 /* Debug */,
				6EC124711E01C42800B998C6 /* Release */,
			);
			defaultConfigurationIsVisible = 0;
			defaultConfigurationName = Release;
		};
		6EC124721E01C42800B998C6 /* Build configuration list for PBXNativeTarget "LyndaTutorials" */ = {
			isa = XCConfigurationList;
			buildConfigurations = (
				6EC124731E01C42800B998C6 /* Debug */,
				6EC124741E01C42800B998C6 /* Release */,
			);
			defaultConfigurationIsVisible = 0;
			defaultConfigurationName = Release;
		};
		6EC124751E01C42800B998C6 /* Build configuration list for PBXNativeTarget "LyndaTutorialsTests" */ = {
			isa = XCConfigurationList;
			buildConfigurations = (
				6EC124761E01C42800B998C6 /* Debug */,
				6EC124771E01C42800B998C6 /* Release */,
			);
			defaultConfigurationIsVisible = 0;
			defaultConfigurationName = Release;
		};
		6EC124781E01C42800B998C6 /* Build configuration list for PBXNativeTarget "LyndaTutorialsUITests" */ = {
			isa = XCConfigurationList;
			buildConfigurations = (
				6EC124791E01C42800B998C6 /* Debug */,
				6EC1247A1E01C42800B998C6 /* Release */,
			);
			defaultConfigurationIsVisible = 0;
			defaultConfigurationName = Release;
		};
/* End XCConfigurationList section */
	};
	rootObject = 6EC124421E01C42800B998C6 /* Project object */;
}
